
Microsoft Visual Studio Solution File, Format Version 12.00
# Visual Studio Version 17
VisualStudioVersion = 17.11.35327.3
MinimumVisualStudioVersion = 10.0.40219.1
Project("{FAE04EC0-301F-11D3-BF4B-00C04F79EFBC}") = "ChatApp", "ChatApp.csproj", "{D699D106-A006-4AF3-8049-71782F7E9AB8}"
EndProject
Global
	GlobalSection(SolutionConfigurationPlatforms) = preSolution
		Debug|Any CPU = Debug|Any CPU
		Release|Any CPU = Release|Any CPU
	EndGlobalSection
	GlobalSection(ProjectConfigurationPlatforms) = postSolution
		{D699D106-A006-4AF3-8049-71782F7E9AB8}.Debug|Any CPU.ActiveCfg = Debug|Any CPU
		{D699D106-A006-4AF3-8049-71782F7E9AB8}.Debug|Any CPU.Build.0 = Debug|Any CPU
		{D699D106-A006-4AF3-8049-71782F7E9AB8}.Release|Any CPU.ActiveCfg = Release|Any CPU
		{D699D106-A006-4AF3-8049-71782F7E9AB8}.Release|Any CPU.Build.0 = Release|Any CPU
	EndGlobalSection
	GlobalSection(SolutionProperties) = preSolution
		HideSolutionNode = FALSE
	EndGlobalSection
	GlobalSection(ExtensibilityGlobals) = postSolution
		SolutionGuid = {2DDD51BE-27A1-4F0D-A7C6-11C59C2A7B72}
	EndGlobalSection
EndGlobal
